
Microsoft Visual Studio Solution File, Format Version 12.00
# Visual Studio 2012
Project("{FAE04EC0-301F-11D3-BF4B-00C04F79EFBC}") = "MvcPerfmon", "MvcPerfmon.csproj", "{76453BD1-9E6C-46C6-ACD9-DEC8B85CE265}"
EndProject
Project("{FAE04EC0-301F-11D3-BF4B-00C04F79EFBC}") = "MvcPerfmon.SampleWebApp", "..\MvcPerfmon.SampleWebApp\MvcPerfmon.SampleWebApp.csproj", "{44AB2198-384C-4A65-BF31-876DEE6B925D}"
EndProject
Global
	GlobalSection(SolutionConfigurationPlatforms) = preSolution
		Debug|Any CPU = Debug|Any CPU
		Release|Any CPU = Release|Any CPU
	EndGlobalSection
	GlobalSection(ProjectConfigurationPlatforms) = postSolution
		{76453BD1-9E6C-46C6-ACD9-DEC8B85CE265}.Debug|Any CPU.ActiveCfg = Debug|Any CPU
		{76453BD1-9E6C-46C6-ACD9-DEC8B85CE265}.Debug|Any CPU.Build.0 = Debug|Any CPU
		{76453BD1-9E6C-46C6-ACD9-DEC8B85CE265}.Release|Any CPU.ActiveCfg = Release|Any CPU
		{76453BD1-9E6C-46C6-ACD9-DEC8B85CE265}.Release|Any CPU.Build.0 = Release|Any CPU
		{44AB2198-384C-4A65-BF31-876DEE6B925D}.Debug|Any CPU.ActiveCfg = Debug|Any CPU
		{44AB2198-384C-4A65-BF31-876DEE6B925D}.Debug|Any CPU.Build.0 = Debug|Any CPU
		{44AB2198-384C-4A65-BF31-876DEE6B925D}.Release|Any CPU.ActiveCfg = Release|Any CPU
		{44AB2198-384C-4A65-BF31-876DEE6B925D}.Release|Any CPU.Build.0 = Release|Any CPU
	EndGlobalSection
	GlobalSection(SolutionProperties) = preSolution
		HideSolutionNode = FALSE
	EndGlobalSection
EndGlobal
